
Microsoft Visual Studio Solution File, Format Version 12.00
# Visual Studio Version 17
VisualStudioVersion = 17.5.33516.290
MinimumVisualStudioVersion = 10.0.40219.1
Project("{FAE04EC0-301F-11D3-BF4B-00C04F79EFBC}") = "BMI_Win", "BMI_Win\BMI_Win.csproj", "{B1132054-E5CC-4CAC-814B-7C574537B07C}"
EndProject
Global
	GlobalSection(SolutionConfigurationPlatforms) = preSolution
		Debug|Any CPU = Debug|Any CPU
		Release|Any CPU = Release|Any CPU
	EndGlobalSection
	GlobalSection(ProjectConfigurationPlatforms) = postSolution
		{B1132054-E5CC-4CAC-814B-7C574537B07C}.Debug|Any CPU.ActiveCfg = Debug|Any CPU
		{B1132054-E5CC-4CAC-814B-7C574537B07C}.Debug|Any CPU.Build.0 = Debug|Any CPU
		{B1132054-E5CC-4CAC-814B-7C574537B07C}.Release|Any CPU.ActiveCfg = Release|Any CPU
		{B1132054-E5CC-4CAC-814B-7C574537B07C}.Release|Any CPU.Build.0 = Release|Any CPU
	EndGlobalSection
	GlobalSection(SolutionProperties) = preSolution
		HideSolutionNode = FALSE
	EndGlobalSection
	GlobalSection(ExtensibilityGlobals) = postSolution
		SolutionGuid = {E493E514-FC32-43D6-BE8D-7F379FC88CD1}
	EndGlobalSection
EndGlobal
